
Microsoft Visual Studio Solution File, Format Version 12.00
# Visual Studio 14
VisualStudioVersion = 14.0.25420.1
MinimumVisualStudioVersion = 10.0.40219.1
Project("{2150E333-8FDC-42A3-9474-1A3956D46DE8}") = "01 Common 基础结构层", "01 Common 基础结构层", "{69FB812D-BF08-4EB7-9C6A-69209C496ACC}"
EndProject
Project("{2150E333-8FDC-42A3-9474-1A3956D46DE8}") = "02 Domain 应用服务", "02 Domain 应用服务", "{4100F8EE-22AB-405E-8DCD-9DA66CE2D35A}"
EndProject
Project("{2150E333-8FDC-42A3-9474-1A3956D46DE8}") = "03 Web 应用程序", "03 Web 应用程序", "{7BF78271-7664-4C74-B55C-6C1DB4035585}"
EndProject
Project("{FAE04EC0-301F-11D3-BF4B-00C04F79EFBC}") = "Parking.Data", "Parking.Data\Parking.Data.csproj", "{70E3E367-F88A-4C6A-999E-5757BF4E6A9F}"
EndProject
Project("{FAE04EC0-301F-11D3-BF4B-00C04F79EFBC}") = "Parking.Auxiliary", "Parking.Auxiliary\Parking.Auxiliary.csproj", "{E3699D54-6A03-46A8-A82A-FF4590334012}"
EndProject
Project("{FAE04EC0-301F-11D3-BF4B-00C04F79EFBC}") = "Parking.Web", "Parking.Web\Parking.Web.csproj", "{36C7D402-83F9-4AD3-8737-E6B662AFB879}"
EndProject
Project("{FAE04EC0-301F-11D3-BF4B-00C04F79EFBC}") = "Parking.Application", "Parking.Application\Parking.Application.csproj", "{99FAC956-4BC7-410B-B71C-9D16D1C37E5E}"
EndProject
Project("{FAE04EC0-301F-11D3-BF4B-00C04F79EFBC}") = "Parking.Core", "Parking.Core\Parking.Core.csproj", "{8A30708E-CE5F-4EE2-9767-E9D846DF1292}"
EndProject
Global
	GlobalSection(SolutionConfigurationPlatforms) = preSolution
		Debug|Any CPU = Debug|Any CPU
		Debug|x64 = Debug|x64
		Debug|x86 = Debug|x86
		Release|Any CPU = Release|Any CPU
		Release|x64 = Release|x64
		Release|x86 = Release|x86
	EndGlobalSection
	GlobalSection(ProjectConfigurationPlatforms) = postSolution
		{70E3E367-F88A-4C6A-999E-5757BF4E6A9F}.Debug|Any CPU.ActiveCfg = Debug|Any CPU
		{70E3E367-F88A-4C6A-999E-5757BF4E6A9F}.Debug|Any CPU.Build.0 = Debug|Any CPU
		{70E3E367-F88A-4C6A-999E-5757BF4E6A9F}.Debug|x64.ActiveCfg = Debug|x64
		{70E3E367-F88A-4C6A-999E-5757BF4E6A9F}.Debug|x64.Build.0 = Debug|x64
		{70E3E367-F88A-4C6A-999E-5757BF4E6A9F}.Debug|x86.ActiveCfg = Debug|x86
		{70E3E367-F88A-4C6A-999E-5757BF4E6A9F}.Debug|x86.Build.0 = Debug|x86
		{70E3E367-F88A-4C6A-999E-5757BF4E6A9F}.Release|Any CPU.ActiveCfg = Release|Any CPU
		{70E3E367-F88A-4C6A-999E-5757BF4E6A9F}.Release|Any CPU.Build.0 = Release|Any CPU
		{70E3E367-F88A-4C6A-999E-5757BF4E6A9F}.Release|x64.ActiveCfg = Release|x64
		{70E3E367-F88A-4C6A-999E-5757BF4E6A9F}.Release|x64.Build.0 = Release|x64
		{70E3E367-F88A-4C6A-999E-5757BF4E6A9F}.Release|x86.ActiveCfg = Release|x86
		{70E3E367-F88A-4C6A-999E-5757BF4E6A9F}.Release|x86.Build.0 = Release|x86
		{E3699D54-6A03-46A8-A82A-FF4590334012}.Debug|Any CPU.ActiveCfg = Debug|Any CPU
		{E3699D54-6A03-46A8-A82A-FF4590334012}.Debug|Any CPU.Build.0 = Debug|Any CPU
		{E3699D54-6A03-46A8-A82A-FF4590334012}.Debug|x64.ActiveCfg = Debug|x64
		{E3699D54-6A03-46A8-A82A-FF4590334012}.Debug|x64.Build.0 = Debug|x64
		{E3699D54-6A03-46A8-A82A-FF4590334012}.Debug|x86.ActiveCfg = Debug|x86
		{E3699D54-6A03-46A8-A82A-FF4590334012}.Debug|x86.Build.0 = Debug|x86
		{E3699D54-6A03-46A8-A82A-FF4590334012}.Release|Any CPU.ActiveCfg = Release|Any CPU
		{E3699D54-6A03-46A8-A82A-FF4590334012}.Release|Any CPU.Build.0 = Release|Any CPU
		{E3699D54-6A03-46A8-A82A-FF4590334012}.Release|x64.ActiveCfg = Release|x64
		{E3699D54-6A03-46A8-A82A-FF4590334012}.Release|x64.Build.0 = Release|x64
		{E3699D54-6A03-46A8-A82A-FF4590334012}.Release|x86.ActiveCfg = Release|x86
		{E3699D54-6A03-46A8-A82A-FF4590334012}.Release|x86.Build.0 = Release|x86
		{36C7D402-83F9-4AD3-8737-E6B662AFB879}.Debug|Any CPU.ActiveCfg = Debug|Any CPU
		{36C7D402-83F9-4AD3-8737-E6B662AFB879}.Debug|Any CPU.Build.0 = Debug|Any CPU
		{36C7D402-83F9-4AD3-8737-E6B662AFB879}.Debug|x64.ActiveCfg = Debug|x64
		{36C7D402-83F9-4AD3-8737-E6B662AFB879}.Debug|x64.Build.0 = Debug|x64
		{36C7D402-83F9-4AD3-8737-E6B662AFB879}.Debug|x86.ActiveCfg = Debug|x86
		{36C7D402-83F9-4AD3-8737-E6B662AFB879}.Debug|x86.Build.0 = Debug|x86
		{36C7D402-83F9-4AD3-8737-E6B662AFB879}.Release|Any CPU.ActiveCfg = Release|Any CPU
		{36C7D402-83F9-4AD3-8737-E6B662AFB879}.Release|Any CPU.Build.0 = Release|Any CPU
		{36C7D402-83F9-4AD3-8737-E6B662AFB879}.Release|x64.ActiveCfg = Release|x64
		{36C7D402-83F9-4AD3-8737-E6B662AFB879}.Release|x64.Build.0 = Release|x64
		{36C7D402-83F9-4AD3-8737-E6B662AFB879}.Release|x86.ActiveCfg = Release|x86
		{36C7D402-83F9-4AD3-8737-E6B662AFB879}.Release|x86.Build.0 = Release|x86
		{99FAC956-4BC7-410B-B71C-9D16D1C37E5E}.Debug|Any CPU.ActiveCfg = Debug|Any CPU
		{99FAC956-4BC7-410B-B71C-9D16D1C37E5E}.Debug|Any CPU.Build.0 = Debug|Any CPU
		{99FAC956-4BC7-410B-B71C-9D16D1C37E5E}.Debug|x64.ActiveCfg = Debug|x64
		{99FAC956-4BC7-410B-B71C-9D16D1C37E5E}.Debug|x64.Build.0 = Debug|x64
		{99FAC956-4BC7-410B-B71C-9D16D1C37E5E}.Debug|x86.ActiveCfg = Debug|x86
		{99FAC956-4BC7-410B-B71C-9D16D1C37E5E}.Debug|x86.Build.0 = Debug|x86
		{99FAC956-4BC7-410B-B71C-9D16D1C37E5E}.Release|Any CPU.ActiveCfg = Release|Any CPU
		{99FAC956-4BC7-410B-B71C-9D16D1C37E5E}.Release|Any CPU.Build.0 = Release|Any CPU
		{99FAC956-4BC7-410B-B71C-9D16D1C37E5E}.Release|x64.ActiveCfg = Release|x64
		{99FAC956-4BC7-410B-B71C-9D16D1C37E5E}.Release|x64.Build.0 = Release|x64
		{99FAC956-4BC7-410B-B71C-9D16D1C37E5E}.Release|x86.ActiveCfg = Release|x86
		{99FAC956-4BC7-410B-B71C-9D16D1C37E5E}.Release|x86.Build.0 = Release|x86
		{8A30708E-CE5F-4EE2-9767-E9D846DF1292}.Debug|Any CPU.ActiveCfg = Debug|Any CPU
		{8A30708E-CE5F-4EE2-9767-E9D846DF1292}.Debug|Any CPU.Build.0 = Debug|Any CPU
		{8A30708E-CE5F-4EE2-9767-E9D846DF1292}.Debug|x64.ActiveCfg = Debug|x64
		{8A30708E-CE5F-4EE2-9767-E9D846DF1292}.Debug|x64.Build.0 = Debug|x64
		{8A30708E-CE5F-4EE2-9767-E9D846DF1292}.Debug|x86.ActiveCfg = Debug|x86
		{8A30708E-CE5F-4EE2-9767-E9D846DF1292}.Debug|x86.Build.0 = Debug|x86
		{8A30708E-CE5F-4EE2-9767-E9D846DF1292}.Release|Any CPU.ActiveCfg = Release|Any CPU
		{8A30708E-CE5F-4EE2-9767-E9D846DF1292}.Release|Any CPU.Build.0 = Release|Any CPU
		{8A30708E-CE5F-4EE2-9767-E9D846DF1292}.Release|x64.ActiveCfg = Release|x64
		{8A30708E-CE5F-4EE2-9767-E9D846DF1292}.Release|x64.Build.0 = Release|x64
		{8A30708E-CE5F-4EE2-9767-E9D846DF1292}.Release|x86.ActiveCfg = Release|x86
		{8A30708E-CE5F-4EE2-9767-E9D846DF1292}.Release|x86.Build.0 = Release|x86
	EndGlobalSection
	GlobalSection(SolutionProperties) = preSolution
		HideSolutionNode = FALSE
	EndGlobalSection
	GlobalSection(NestedProjects) = preSolution
		{70E3E367-F88A-4C6A-999E-5757BF4E6A9F} = {69FB812D-BF08-4EB7-9C6A-69209C496ACC}
		{E3699D54-6A03-46A8-A82A-FF4590334012} = {69FB812D-BF08-4EB7-9C6A-69209C496ACC}
		{36C7D402-83F9-4AD3-8737-E6B662AFB879} = {7BF78271-7664-4C74-B55C-6C1DB4035585}
		{99FAC956-4BC7-410B-B71C-9D16D1C37E5E} = {4100F8EE-22AB-405E-8DCD-9DA66CE2D35A}
		{8A30708E-CE5F-4EE2-9767-E9D846DF1292} = {4100F8EE-22AB-405E-8DCD-9DA66CE2D35A}
	EndGlobalSection
EndGlobal
